
Microsoft Visual Studio Solution File, Format Version 12.00
# Visual Studio Version 16
VisualStudioVersion = 16.0.31410.357
MinimumVisualStudioVersion = 10.0.40219.1
Project("{FAE04EC0-301F-11D3-BF4B-00C04F79EFBC}") = "RPGInventory", "RPGInventory\RPGInventory.csproj", "{C804F164-28E7-45BE-9FFF-BD257F9C7C36}"
EndProject
Project("{FAE04EC0-301F-11D3-BF4B-00C04F79EFBC}") = "RPGInventory.Tests", "RPGInventory.Tests\RPGInventory.Tests.csproj", "{580EC73D-BE7E-4D5F-85C0-289A432C15EB}"
EndProject
Global
	GlobalSection(SolutionConfigurationPlatforms) = preSolution
		Debug|Any CPU = Debug|Any CPU
		Release|Any CPU = Release|Any CPU
	EndGlobalSection
	GlobalSection(ProjectConfigurationPlatforms) = postSolution
		{C804F164-28E7-45BE-9FFF-BD257F9C7C36}.Debug|Any CPU.ActiveCfg = Debug|Any CPU
		{C804F164-28E7-45BE-9FFF-BD257F9C7C36}.Debug|Any CPU.Build.0 = Debug|Any CPU
		{C804F164-28E7-45BE-9FFF-BD257F9C7C36}.Release|Any CPU.ActiveCfg = Release|Any CPU
		{C804F164-28E7-45BE-9FFF-BD257F9C7C36}.Release|Any CPU.Build.0 = Release|Any CPU
		{580EC73D-BE7E-4D5F-85C0-289A432C15EB}.Debug|Any CPU.ActiveCfg = Debug|Any CPU
		{580EC73D-BE7E-4D5F-85C0-289A432C15EB}.Debug|Any CPU.Build.0 = Debug|Any CPU
		{580EC73D-BE7E-4D5F-85C0-289A432C15EB}.Release|Any CPU.ActiveCfg = Release|Any CPU
		{580EC73D-BE7E-4D5F-85C0-289A432C15EB}.Release|Any CPU.Build.0 = Release|Any CPU
	EndGlobalSection
	GlobalSection(SolutionProperties) = preSolution
		HideSolutionNode = FALSE
	EndGlobalSection
	GlobalSection(ExtensibilityGlobals) = postSolution
		SolutionGuid = {03632395-2093-4E06-B169-B7DB02A71776}
	EndGlobalSection
EndGlobal
